{
  "version": "5",
  "specifiers": {
    "jsr:@jrmarcum/binaryen-ts@^1.4.3": "1.4.3",
    "jsr:@jrmarcum/wabt-ts@^1.3.5": "1.3.5",
    "jsr:@std/assert@*": "1.0.19",
    "jsr:@std/cli@1": "1.0.32",
    "jsr:@std/fmt@*": "1.0.10",
    "jsr:@std/fmt@1.0.1": "1.0.1",
    "jsr:@std/fs@*": "1.0.24",
    "jsr:@std/fs@1.0.0": "1.0.0",
    "jsr:@std/fs@1.0.1": "1.0.1",
    "jsr:@std/fs@1.0.23": "1.0.23",
    "jsr:@std/internal@^1.0.12": "1.0.14",
    "jsr:@std/internal@^1.0.14": "1.0.14",
    "jsr:@std/path@*": "1.1.6",
    "jsr:@std/path@1.0.2": "1.0.2",
    "jsr:@std/path@1.1.4": "1.1.4",
    "jsr:@std/path@^1.0.2": "1.1.6",
    "jsr:@std/path@^1.1.2": "1.1.6",
    "jsr:@std/path@^1.1.4": "1.1.6",
    "jsr:@std/path@^1.1.5": "1.1.6",
    "npm:wasm2js@0.2": "0.2.0"
  },
  "jsr": {
    "@jrmarcum/binaryen-ts@1.4.3": {
      "integrity": "ac599b731e5b320cbfe913f18e865da11f0e56e3b7364aa0294695bdf5c8edaa"
    },
    "@jrmarcum/wabt-ts@1.3.5": {
      "integrity": "2e99f9093a3777d362fa268eac5428f100b7c214ba97f3fbe7247af321eebfff"
    },
    "@std/assert@1.0.19": {
      "integrity": "eaada96ee120cb980bc47e040f82814d786fe8162ecc53c91d8df60b8755991e",
      "dependencies": [
        "jsr:@std/internal@^1.0.12"
      ]
    },
    "@std/cli@1.0.32": {
      "integrity": "188b3a100d6202d64e3f5bd3d799c7fa4f6d77f92cc65eb7f641c1fa0aa92a66"
    },
    "@std/fmt@1.0.1": {
      "integrity": "ef76c37faa7720faa8c20fd8cc74583f9b1e356dfd630c8714baa716a45856ab"
    },
    "@std/fmt@1.0.10": {
      "integrity": "90dfba288802ac6de82fb31d0917eb9e4450b9925b954d5e51fc29ac07419db5"
    },
    "@std/fs@1.0.0": {
      "integrity": "d72e4a125af7168d717a2ed1dca77a728b422b0d138fd20579e3fa41a77da943",
      "dependencies": [
        "jsr:@std/path@^1.0.2"
      ]
    },
    "@std/fs@1.0.1": {
      "integrity": "d6914ca2c21abe591f733b31dbe6331e446815e513e2451b3b9e472daddfefcb",
      "dependencies": [
        "jsr:@std/path@^1.0.2"
      ]
    },
    "@std/fs@1.0.23": {
      "integrity": "3ecbae4ce4fee03b180fa710caff36bb5adb66631c46a6460aaad49515565a37",
      "dependencies": [
        "jsr:@std/internal@^1.0.12",
        "jsr:@std/path@^1.1.4"
      ]
    },
    "@std/fs@1.0.24": {
      "integrity": "f3061b45b81673a2bece689da041df32d174be064c89eb6397fb5718d3fb7877",
      "dependencies": [
        "jsr:@std/internal@^1.0.14",
        "jsr:@std/path@^1.1.5"
      ]
    },
    "@std/internal@1.0.14": {
      "integrity": "291516b3d4c35024d6ffbc0a9df5bf4c64116e05b50012cf846710152d2ffdf7"
    },
    "@std/path@1.0.2": {
      "integrity": "a452174603f8c620bd278a380c596437a9eef50c891c64b85812f735245d9ec7"
    },
    "@std/path@1.1.4": {
      "integrity": "1d2d43f39efb1b42f0b1882a25486647cb851481862dc7313390b2bb044314b5",
      "dependencies": [
        "jsr:@std/internal@^1.0.12"
      ]
    },
    "@std/path@1.1.6": {
      "integrity": "c68485c2a4dfbb5ae3cc74fae4e8c4e5d874cf8a8ed12927917235c758b46cbe",
      "dependencies": [
        "jsr:@std/internal@^1.0.14"
      ]
    }
  },
  "npm": {
    "minimist@1.2.8": {
      "integrity": "sha512-2yyAR8qBkN3YuheJanUpWC5U3bb5osDywNB8RzDVlDwDHbocAJveqqj1u8+SVD7jkWT4yvsHCpWqqWqAxb0zCA=="
    },
    "wasm2js@0.2.0": {
      "integrity": "sha512-nQVER3bUF9mMdQxtUZS1rW7r3goy6+TZz+FqmILJLrPRASn/2K15yc1lNWyYLh9A/TkD+l7c22aMcpTCLr+ApA==",
      "dependencies": [
        "minimist"
      ],
      "bin": true
    }
  },
  "workspace": {
    "dependencies": [
      "jsr:@jrmarcum/binaryen-ts@^1.4.3",
      "jsr:@jrmarcum/wabt-ts@^1.3.5",
      "jsr:@std/cli@1",
      "jsr:@std/path@^1.1.2",
      "npm:wasm2js@0.2"
    ]
  }
}
